<?xml version="1.0" encoding="utf-8"?>
<Project ToolsVersion="4.0" xmlns="http://schemas.microsoft.com/developer/msbuild/2003">
  <ItemGroup>
    <Filter Include="Source Files">
      <UniqueIdentifier>{4FC737F1-C7A5-4376-A066-2A32D752A2FF}</UniqueIdentifier>
      <Extensions>cpp;c;cc;cxx;def;odl;idl;hpj;bat;asm;asmx</Extensions>
    </Filter>
    <Filter Include="Header Files">
      <UniqueIdentifier>{93995380-89BD-4b04-88EB-625FBE52EBFB}</UniqueIdentifier>
      <Extensions>h;hpp;hxx;hm;inl;inc;xsd</Extensions>
    </Filter>
    <Filter Include="Resource Files">
      <UniqueIdentifier>{67DA6AB6-F800-4c08-8B7A-83BB121AAD01}</UniqueIdentifier>
      <Extensions>rc;ico;cur;bmp;dlg;rc2;rct;bin;rgs;gif;jpg;jpeg;jpe;resx;tiff;tif;png;wav;mfcribbon-ms</Extensions>
    </Filter>
    <Filter Include="Shaders_HLSL">
      <UniqueIdentifier>{9674696d-bed4-4f0e-8cc5-2b878a32686a}</UniqueIdentifier>
    </Filter>
  </ItemGroup>
  <ItemGroup>
    <ClCompile Include="Src\main.cpp">
      <Filter>Source Files</Filter>
    </ClCompile>
    <ClCompile Include="Src\BloomProgram.cpp">
      <Filter>Source Files</Filter>
    </ClCompile>
    <ClCompile Include="Src\BaseShader.cpp">
      <Filter>Source Files</Filter>
    </ClCompile>
    <ClCompile Include="Src\RenderToTexture.cpp">
      <Filter>Source Files</Filter>
    </ClCompile>
  </ItemGroup>
  <ItemGroup>
    <ClInclude Include="Src\BloomProgram.h">
      <Filter>Header Files</Filter>
    </ClInclude>
    <ClInclude Include="Src\BaseShader.h">
      <Filter>Header Files</Filter>
    </ClInclude>
    <ClInclude Include="Src\RenderToTexture.h">
      <Filter>Header Files</Filter>
    </ClInclude>
  </ItemGroup>
  <ItemGroup>
    <FxCompile Include="Src\Shaders\PhongShadingVS.hlsl">
      <Filter>Shaders_HLSL</Filter>
    </FxCompile>
    <FxCompile Include="Src\Shaders\PhongShadingPS.hlsl">
      <Filter>Shaders_HLSL</Filter>
    </FxCompile>
    <FxCompile Include="Src\Shaders\BrightPassPS.hlsl">
      <Filter>Shaders_HLSL</Filter>
    </FxCompile>
    <FxCompile Include="Src\Shaders\TextureMergePS.hlsl">
      <Filter>Shaders_HLSL</Filter>
    </FxCompile>
    <FxCompile Include="Src\Shaders\TextureTrivialVS.hlsl">
      <Filter>Shaders_HLSL</Filter>
    </FxCompile>
    <FxCompile Include="BlurHorizPS.hlsl">
      <Filter>Shaders_HLSL</Filter>
    </FxCompile>
    <FxCompile Include="BlurVertPS.hlsl">
      <Filter>Shaders_HLSL</Filter>
    </FxCompile>
  </ItemGroup>
</Project>